
Microsoft Visual Studio Solution File, Format Version 12.00
# Visual Studio Version 16
VisualStudioVersion = 16.0.31911.196
MinimumVisualStudioVersion = 10.0.40219.1
Project("{FAE04EC0-301F-11D3-BF4B-00C04F79EFBC}") = "7-)Kelime_Ögren", "7-)Kelime_Ögren\7-)Kelime_Ögren.csproj", "{6D8524FB-5B3E-4246-9A73-A73EEE560B9F}"
EndProject
Project("{54435603-DBB4-11D2-8724-00A0C9A8B90C}") = "Setup1", "Setup1\Setup1.vdproj", "{FABA952E-DB8D-4134-86A9-636C51489BEB}"
EndProject
Global
	GlobalSection(SolutionConfigurationPlatforms) = preSolution
		Debug|Any CPU = Debug|Any CPU
		Release|Any CPU = Release|Any CPU
	EndGlobalSection
	GlobalSection(ProjectConfigurationPlatforms) = postSolution
		{6D8524FB-5B3E-4246-9A73-A73EEE560B9F}.Debug|Any CPU.ActiveCfg = Debug|Any CPU
		{6D8524FB-5B3E-4246-9A73-A73EEE560B9F}.Debug|Any CPU.Build.0 = Debug|Any CPU
		{6D8524FB-5B3E-4246-9A73-A73EEE560B9F}.Release|Any CPU.ActiveCfg = Release|Any CPU
		{6D8524FB-5B3E-4246-9A73-A73EEE560B9F}.Release|Any CPU.Build.0 = Release|Any CPU
		{FABA952E-DB8D-4134-86A9-636C51489BEB}.Debug|Any CPU.ActiveCfg = Debug
		{FABA952E-DB8D-4134-86A9-636C51489BEB}.Release|Any CPU.ActiveCfg = Release
	EndGlobalSection
	GlobalSection(SolutionProperties) = preSolution
		HideSolutionNode = FALSE
	EndGlobalSection
	GlobalSection(ExtensibilityGlobals) = postSolution
		SolutionGuid = {38C47C79-65B8-4DEC-BA39-F506AB74E2EC}
	EndGlobalSection
EndGlobal
